
Microsoft Visual Studio Solution File, Format Version 12.00
# Visual Studio Version 16
VisualStudioVersion = 16.0.33801.447
MinimumVisualStudioVersion = 10.0.40219.1
Project("{FAE04EC0-301F-11D3-BF4B-00C04F79EFBC}") = "ContactsExample", "ContactsExample\ContactsExample.csproj", "{34E2385C-A461-47A6-BBD5-16342FB4321D}"
EndProject
Global
	GlobalSection(SolutionConfigurationPlatforms) = preSolution
		Debug|Any CPU = Debug|Any CPU
		Release|Any CPU = Release|Any CPU
	EndGlobalSection
	GlobalSection(ProjectConfigurationPlatforms) = postSolution
		{34E2385C-A461-47A6-BBD5-16342FB4321D}.Debug|Any CPU.ActiveCfg = Debug|Any CPU
		{34E2385C-A461-47A6-BBD5-16342FB4321D}.Debug|Any CPU.Build.0 = Debug|Any CPU
		{34E2385C-A461-47A6-BBD5-16342FB4321D}.Release|Any CPU.ActiveCfg = Release|Any CPU
		{34E2385C-A461-47A6-BBD5-16342FB4321D}.Release|Any CPU.Build.0 = Release|Any CPU
	EndGlobalSection
	GlobalSection(SolutionProperties) = preSolution
		HideSolutionNode = FALSE
	EndGlobalSection
	GlobalSection(ExtensibilityGlobals) = postSolution
		SolutionGuid = {ED9CBF71-2B9F-44B1-BACB-2A2A031E92DC}
	EndGlobalSection
EndGlobal
